
Microsoft Visual Studio Solution File, Format Version 12.00
# Visual Studio Version 17
VisualStudioVersion = 17.0.31903.59
MinimumVisualStudioVersion = 10.0.40219.1
Project("{2150E333-8FDC-42A3-9474-1A3956D46DE8}") = "src", "src", "{827E0CD3-B72D-47B6-A68D-7590B98EB39B}"
EndProject
Project("{FAE04EC0-301F-11D3-BF4B-00C04F79EFBC}") = "Radio.Core", "src\Radio.Core\Radio.Core.csproj", "{399EAA1F-0EE1-424A-BAB2-04CD8CE5FA4F}"
EndProject
Project("{FAE04EC0-301F-11D3-BF4B-00C04F79EFBC}") = "Radio.Infrastructure", "src\Radio.Infrastructure\Radio.Infrastructure.csproj", "{1C515568-F97C-4B6F-B1A4-8D67D8629CBF}"
EndProject
Project("{FAE04EC0-301F-11D3-BF4B-00C04F79EFBC}") = "Radio.API", "src\Radio.API\Radio.API.csproj", "{EDAD8578-93A6-4136-9250-95F4929C2CFF}"
EndProject
Project("{FAE04EC0-301F-11D3-BF4B-00C04F79EFBC}") = "Radio.Web", "src\Radio.Web\Radio.Web.csproj", "{1486E920-0D30-43BC-978D-49A1768E671C}"
EndProject
Project("{2150E333-8FDC-42A3-9474-1A3956D46DE8}") = "tests", "tests", "{0AB3BF05-4346-4AA6-1389-037BE0695223}"
EndProject
Project("{FAE04EC0-301F-11D3-BF4B-00C04F79EFBC}") = "Radio.Core.Tests", "tests\Radio.Core.Tests\Radio.Core.Tests.csproj", "{C4216337-250F-4F8D-8763-F0D475088920}"
EndProject
Project("{FAE04EC0-301F-11D3-BF4B-00C04F79EFBC}") = "Radio.Infrastructure.Tests", "tests\Radio.Infrastructure.Tests\Radio.Infrastructure.Tests.csproj", "{AC677B39-1D13-4AB5-92E1-95029D03D9F6}"
EndProject
Project("{FAE04EC0-301F-11D3-BF4B-00C04F79EFBC}") = "Radio.API.Tests", "tests\Radio.API.Tests\Radio.API.Tests.csproj", "{6E6685B8-B8B1-4431-8348-B095220D2524}"
EndProject
Project("{2150E333-8FDC-42A3-9474-1A3956D46DE8}") = "tools", "tools", "{07C2787E-EAC7-C090-1BA3-A61EC2A24D84}"
EndProject
Project("{FAE04EC0-301F-11D3-BF4B-00C04F79EFBC}") = "Radio.Tools.ConfigurationManager", "tools\Radio.Tools.ConfigurationManager\Radio.Tools.ConfigurationManager.csproj", "{F5CE83E4-7056-435A-B4A7-38458105A489}"
EndProject
Project("{FAE04EC0-301F-11D3-BF4B-00C04F79EFBC}") = "Radio.Tools.AudioUAT", "tools\Radio.Tools.AudioUAT\Radio.Tools.AudioUAT.csproj", "{51D270E6-F035-4A39-90A2-73D1A68B81E8}"
EndProject
Project("{FAE04EC0-301F-11D3-BF4B-00C04F79EFBC}") = "RTLSDRCore.Tests", "tests\RTLSDRCore.Tests\RTLSDRCore.Tests.csproj", "{5A7E068B-3549-4FD5-9CE4-7C3FD8A086B7}"
EndProject
Project("{FAE04EC0-301F-11D3-BF4B-00C04F79EFBC}") = "RTLSDRCore", "src\RTLSDRCore\RTLSDRCore.csproj", "{0B803BE4-1AB5-4CA3-BBB4-B2ABB8B9BAC5}"
EndProject
Project("{FAE04EC0-301F-11D3-BF4B-00C04F79EFBC}") = "Radio.Web.Tests", "tests\Radio.Web.Tests\Radio.Web.Tests.csproj", "{4F09CCB4-87B2-4D8B-A754-9FAF4F2EFBF1}"
EndProject
Global
	GlobalSection(SolutionConfigurationPlatforms) = preSolution
		Debug|Any CPU = Debug|Any CPU
		Debug|x64 = Debug|x64
		Debug|x86 = Debug|x86
		Release|Any CPU = Release|Any CPU
		Release|x64 = Release|x64
		Release|x86 = Release|x86
	EndGlobalSection
	GlobalSection(ProjectConfigurationPlatforms) = postSolution
		{399EAA1F-0EE1-424A-BAB2-04CD8CE5FA4F}.Debug|Any CPU.ActiveCfg = Debug|Any CPU
		{399EAA1F-0EE1-424A-BAB2-04CD8CE5FA4F}.Debug|Any CPU.Build.0 = Debug|Any CPU
		{399EAA1F-0EE1-424A-BAB2-04CD8CE5FA4F}.Debug|x64.ActiveCfg = Debug|Any CPU
		{399EAA1F-0EE1-424A-BAB2-04CD8CE5FA4F}.Debug|x64.Build.0 = Debug|Any CPU
		{399EAA1F-0EE1-424A-BAB2-04CD8CE5FA4F}.Debug|x86.ActiveCfg = Debug|Any CPU
		{399EAA1F-0EE1-424A-BAB2-04CD8CE5FA4F}.Debug|x86.Build.0 = Debug|Any CPU
		{399EAA1F-0EE1-424A-BAB2-04CD8CE5FA4F}.Release|Any CPU.ActiveCfg = Release|Any CPU
		{399EAA1F-0EE1-424A-BAB2-04CD8CE5FA4F}.Release|Any CPU.Build.0 = Release|Any CPU
		{399EAA1F-0EE1-424A-BAB2-04CD8CE5FA4F}.Release|x64.ActiveCfg = Release|Any CPU
		{399EAA1F-0EE1-424A-BAB2-04CD8CE5FA4F}.Release|x64.Build.0 = Release|Any CPU
		{399EAA1F-0EE1-424A-BAB2-04CD8CE5FA4F}.Release|x86.ActiveCfg = Release|Any CPU
		{399EAA1F-0EE1-424A-BAB2-04CD8CE5FA4F}.Release|x86.Build.0 = Release|Any CPU
		{1C515568-F97C-4B6F-B1A4-8D67D8629CBF}.Debug|Any CPU.ActiveCfg = Debug|Any CPU
		{1C515568-F97C-4B6F-B1A4-8D67D8629CBF}.Debug|Any CPU.Build.0 = Debug|Any CPU
		{1C515568-F97C-4B6F-B1A4-8D67D8629CBF}.Debug|x64.ActiveCfg = Debug|Any CPU
		{1C515568-F97C-4B6F-B1A4-8D67D8629CBF}.Debug|x64.Build.0 = Debug|Any CPU
		{1C515568-F97C-4B6F-B1A4-8D67D8629CBF}.Debug|x86.ActiveCfg = Debug|Any CPU
		{1C515568-F97C-4B6F-B1A4-8D67D8629CBF}.Debug|x86.Build.0 = Debug|Any CPU
		{1C515568-F97C-4B6F-B1A4-8D67D8629CBF}.Release|Any CPU.ActiveCfg = Release|Any CPU
		{1C515568-F97C-4B6F-B1A4-8D67D8629CBF}.Release|Any CPU.Build.0 = Release|Any CPU
		{1C515568-F97C-4B6F-B1A4-8D67D8629CBF}.Release|x64.ActiveCfg = Release|Any CPU
		{1C515568-F97C-4B6F-B1A4-8D67D8629CBF}.Release|x64.Build.0 = Release|Any CPU
		{1C515568-F97C-4B6F-B1A4-8D67D8629CBF}.Release|x86.ActiveCfg = Release|Any CPU
		{1C515568-F97C-4B6F-B1A4-8D67D8629CBF}.Release|x86.Build.0 = Release|Any CPU
		{EDAD8578-93A6-4136-9250-95F4929C2CFF}.Debug|Any CPU.ActiveCfg = Debug|Any CPU
		{EDAD8578-93A6-4136-9250-95F4929C2CFF}.Debug|Any CPU.Build.0 = Debug|Any CPU
		{EDAD8578-93A6-4136-9250-95F4929C2CFF}.Debug|x64.ActiveCfg = Debug|Any CPU
		{EDAD8578-93A6-4136-9250-95F4929C2CFF}.Debug|x64.Build.0 = Debug|Any CPU
		{EDAD8578-93A6-4136-9250-95F4929C2CFF}.Debug|x86.ActiveCfg = Debug|Any CPU
		{EDAD8578-93A6-4136-9250-95F4929C2CFF}.Debug|x86.Build.0 = Debug|Any CPU
		{EDAD8578-93A6-4136-9250-95F4929C2CFF}.Release|Any CPU.ActiveCfg = Release|Any CPU
		{EDAD8578-93A6-4136-9250-95F4929C2CFF}.Release|Any CPU.Build.0 = Release|Any CPU
		{EDAD8578-93A6-4136-9250-95F4929C2CFF}.Release|x64.ActiveCfg = Release|Any CPU
		{EDAD8578-93A6-4136-9250-95F4929C2CFF}.Release|x64.Build.0 = Release|Any CPU
		{EDAD8578-93A6-4136-9250-95F4929C2CFF}.Release|x86.ActiveCfg = Release|Any CPU
		{EDAD8578-93A6-4136-9250-95F4929C2CFF}.Release|x86.Build.0 = Release|Any CPU
		{1486E920-0D30-43BC-978D-49A1768E671C}.Debug|Any CPU.ActiveCfg = Debug|Any CPU
		{1486E920-0D30-43BC-978D-49A1768E671C}.Debug|Any CPU.Build.0 = Debug|Any CPU
		{1486E920-0D30-43BC-978D-49A1768E671C}.Debug|x64.ActiveCfg = Debug|Any CPU
		{1486E920-0D30-43BC-978D-49A1768E671C}.Debug|x64.Build.0 = Debug|Any CPU
		{1486E920-0D30-43BC-978D-49A1768E671C}.Debug|x86.ActiveCfg = Debug|Any CPU
		{1486E920-0D30-43BC-978D-49A1768E671C}.Debug|x86.Build.0 = Debug|Any CPU
		{1486E920-0D30-43BC-978D-49A1768E671C}.Release|Any CPU.ActiveCfg = Release|Any CPU
		{1486E920-0D30-43BC-978D-49A1768E671C}.Release|Any CPU.Build.0 = Release|Any CPU
		{1486E920-0D30-43BC-978D-49A1768E671C}.Release|x64.ActiveCfg = Release|Any CPU
		{1486E920-0D30-43BC-978D-49A1768E671C}.Release|x64.Build.0 = Release|Any CPU
		{1486E920-0D30-43BC-978D-49A1768E671C}.Release|x86.ActiveCfg = Release|Any CPU
		{1486E920-0D30-43BC-978D-49A1768E671C}.Release|x86.Build.0 = Release|Any CPU
		{C4216337-250F-4F8D-8763-F0D475088920}.Debug|Any CPU.ActiveCfg = Debug|Any CPU
		{C4216337-250F-4F8D-8763-F0D475088920}.Debug|Any CPU.Build.0 = Debug|Any CPU
		{C4216337-250F-4F8D-8763-F0D475088920}.Debug|x64.ActiveCfg = Debug|Any CPU
		{C4216337-250F-4F8D-8763-F0D475088920}.Debug|x64.Build.0 = Debug|Any CPU
		{C4216337-250F-4F8D-8763-F0D475088920}.Debug|x86.ActiveCfg = Debug|Any CPU
		{C4216337-250F-4F8D-8763-F0D475088920}.Debug|x86.Build.0 = Debug|Any CPU
		{C4216337-250F-4F8D-8763-F0D475088920}.Release|Any CPU.ActiveCfg = Release|Any CPU
		{C4216337-250F-4F8D-8763-F0D475088920}.Release|Any CPU.Build.0 = Release|Any CPU
		{C4216337-250F-4F8D-8763-F0D475088920}.Release|x64.ActiveCfg = Release|Any CPU
		{C4216337-250F-4F8D-8763-F0D475088920}.Release|x64.Build.0 = Release|Any CPU
		{C4216337-250F-4F8D-8763-F0D475088920}.Release|x86.ActiveCfg = Release|Any CPU
		{C4216337-250F-4F8D-8763-F0D475088920}.Release|x86.Build.0 = Release|Any CPU
		{AC677B39-1D13-4AB5-92E1-95029D03D9F6}.Debug|Any CPU.ActiveCfg = Debug|Any CPU
		{AC677B39-1D13-4AB5-92E1-95029D03D9F6}.Debug|Any CPU.Build.0 = Debug|Any CPU
		{AC677B39-1D13-4AB5-92E1-95029D03D9F6}.Debug|x64.ActiveCfg = Debug|Any CPU
		{AC677B39-1D13-4AB5-92E1-95029D03D9F6}.Debug|x64.Build.0 = Debug|Any CPU
		{AC677B39-1D13-4AB5-92E1-95029D03D9F6}.Debug|x86.ActiveCfg = Debug|Any CPU
		{AC677B39-1D13-4AB5-92E1-95029D03D9F6}.Debug|x86.Build.0 = Debug|Any CPU
		{AC677B39-1D13-4AB5-92E1-95029D03D9F6}.Release|Any CPU.ActiveCfg = Release|Any CPU
		{AC677B39-1D13-4AB5-92E1-95029D03D9F6}.Release|Any CPU.Build.0 = Release|Any CPU
		{AC677B39-1D13-4AB5-92E1-95029D03D9F6}.Release|x64.ActiveCfg = Release|Any CPU
		{AC677B39-1D13-4AB5-92E1-95029D03D9F6}.Release|x64.Build.0 = Release|Any CPU
		{AC677B39-1D13-4AB5-92E1-95029D03D9F6}.Release|x86.ActiveCfg = Release|Any CPU
		{AC677B39-1D13-4AB5-92E1-95029D03D9F6}.Release|x86.Build.0 = Release|Any CPU
		{6E6685B8-B8B1-4431-8348-B095220D2524}.Debug|Any CPU.ActiveCfg = Debug|Any CPU
		{6E6685B8-B8B1-4431-8348-B095220D2524}.Debug|Any CPU.Build.0 = Debug|Any CPU
		{6E6685B8-B8B1-4431-8348-B095220D2524}.Debug|x64.ActiveCfg = Debug|Any CPU
		{6E6685B8-B8B1-4431-8348-B095220D2524}.Debug|x64.Build.0 = Debug|Any CPU
		{6E6685B8-B8B1-4431-8348-B095220D2524}.Debug|x86.ActiveCfg = Debug|Any CPU
		{6E6685B8-B8B1-4431-8348-B095220D2524}.Debug|x86.Build.0 = Debug|Any CPU
		{6E6685B8-B8B1-4431-8348-B095220D2524}.Release|Any CPU.ActiveCfg = Release|Any CPU
		{6E6685B8-B8B1-4431-8348-B095220D2524}.Release|Any CPU.Build.0 = Release|Any CPU
		{6E6685B8-B8B1-4431-8348-B095220D2524}.Release|x64.ActiveCfg = Release|Any CPU
		{6E6685B8-B8B1-4431-8348-B095220D2524}.Release|x64.Build.0 = Release|Any CPU
		{6E6685B8-B8B1-4431-8348-B095220D2524}.Release|x86.ActiveCfg = Release|Any CPU
		{6E6685B8-B8B1-4431-8348-B095220D2524}.Release|x86.Build.0 = Release|Any CPU
		{F5CE83E4-7056-435A-B4A7-38458105A489}.Debug|Any CPU.ActiveCfg = Debug|Any CPU
		{F5CE83E4-7056-435A-B4A7-38458105A489}.Debug|Any CPU.Build.0 = Debug|Any CPU
		{F5CE83E4-7056-435A-B4A7-38458105A489}.Debug|x64.ActiveCfg = Debug|Any CPU
		{F5CE83E4-7056-435A-B4A7-38458105A489}.Debug|x64.Build.0 = Debug|Any CPU
		{F5CE83E4-7056-435A-B4A7-38458105A489}.Debug|x86.ActiveCfg = Debug|Any CPU
		{F5CE83E4-7056-435A-B4A7-38458105A489}.Debug|x86.Build.0 = Debug|Any CPU
		{F5CE83E4-7056-435A-B4A7-38458105A489}.Release|Any CPU.ActiveCfg = Release|Any CPU
		{F5CE83E4-7056-435A-B4A7-38458105A489}.Release|Any CPU.Build.0 = Release|Any CPU
		{F5CE83E4-7056-435A-B4A7-38458105A489}.Release|x64.ActiveCfg = Release|Any CPU
		{F5CE83E4-7056-435A-B4A7-38458105A489}.Release|x64.Build.0 = Release|Any CPU
		{F5CE83E4-7056-435A-B4A7-38458105A489}.Release|x86.ActiveCfg = Release|Any CPU
		{F5CE83E4-7056-435A-B4A7-38458105A489}.Release|x86.Build.0 = Release|Any CPU
		{51D270E6-F035-4A39-90A2-73D1A68B81E8}.Debug|Any CPU.ActiveCfg = Debug|Any CPU
		{51D270E6-F035-4A39-90A2-73D1A68B81E8}.Debug|Any CPU.Build.0 = Debug|Any CPU
		{51D270E6-F035-4A39-90A2-73D1A68B81E8}.Debug|x64.ActiveCfg = Debug|Any CPU
		{51D270E6-F035-4A39-90A2-73D1A68B81E8}.Debug|x64.Build.0 = Debug|Any CPU
		{51D270E6-F035-4A39-90A2-73D1A68B81E8}.Debug|x86.ActiveCfg = Debug|Any CPU
		{51D270E6-F035-4A39-90A2-73D1A68B81E8}.Debug|x86.Build.0 = Debug|Any CPU
		{51D270E6-F035-4A39-90A2-73D1A68B81E8}.Release|Any CPU.ActiveCfg = Release|Any CPU
		{51D270E6-F035-4A39-90A2-73D1A68B81E8}.Release|Any CPU.Build.0 = Release|Any CPU
		{51D270E6-F035-4A39-90A2-73D1A68B81E8}.Release|x64.ActiveCfg = Release|Any CPU
		{51D270E6-F035-4A39-90A2-73D1A68B81E8}.Release|x64.Build.0 = Release|Any CPU
		{51D270E6-F035-4A39-90A2-73D1A68B81E8}.Release|x86.ActiveCfg = Release|Any CPU
		{51D270E6-F035-4A39-90A2-73D1A68B81E8}.Release|x86.Build.0 = Release|Any CPU
		{5A7E068B-3549-4FD5-9CE4-7C3FD8A086B7}.Debug|Any CPU.ActiveCfg = Debug|Any CPU
		{5A7E068B-3549-4FD5-9CE4-7C3FD8A086B7}.Debug|Any CPU.Build.0 = Debug|Any CPU
		{5A7E068B-3549-4FD5-9CE4-7C3FD8A086B7}.Debug|x64.ActiveCfg = Debug|Any CPU
		{5A7E068B-3549-4FD5-9CE4-7C3FD8A086B7}.Debug|x64.Build.0 = Debug|Any CPU
		{5A7E068B-3549-4FD5-9CE4-7C3FD8A086B7}.Debug|x86.ActiveCfg = Debug|Any CPU
		{5A7E068B-3549-4FD5-9CE4-7C3FD8A086B7}.Debug|x86.Build.0 = Debug|Any CPU
		{5A7E068B-3549-4FD5-9CE4-7C3FD8A086B7}.Release|Any CPU.ActiveCfg = Release|Any CPU
		{5A7E068B-3549-4FD5-9CE4-7C3FD8A086B7}.Release|Any CPU.Build.0 = Release|Any CPU
		{5A7E068B-3549-4FD5-9CE4-7C3FD8A086B7}.Release|x64.ActiveCfg = Release|Any CPU
		{5A7E068B-3549-4FD5-9CE4-7C3FD8A086B7}.Release|x64.Build.0 = Release|Any CPU
		{5A7E068B-3549-4FD5-9CE4-7C3FD8A086B7}.Release|x86.ActiveCfg = Release|Any CPU
		{5A7E068B-3549-4FD5-9CE4-7C3FD8A086B7}.Release|x86.Build.0 = Release|Any CPU
		{0B803BE4-1AB5-4CA3-BBB4-B2ABB8B9BAC5}.Debug|Any CPU.ActiveCfg = Debug|Any CPU
		{0B803BE4-1AB5-4CA3-BBB4-B2ABB8B9BAC5}.Debug|Any CPU.Build.0 = Debug|Any CPU
		{0B803BE4-1AB5-4CA3-BBB4-B2ABB8B9BAC5}.Debug|x64.ActiveCfg = Debug|Any CPU
		{0B803BE4-1AB5-4CA3-BBB4-B2ABB8B9BAC5}.Debug|x64.Build.0 = Debug|Any CPU
		{0B803BE4-1AB5-4CA3-BBB4-B2ABB8B9BAC5}.Debug|x86.ActiveCfg = Debug|Any CPU
		{0B803BE4-1AB5-4CA3-BBB4-B2ABB8B9BAC5}.Debug|x86.Build.0 = Debug|Any CPU
		{0B803BE4-1AB5-4CA3-BBB4-B2ABB8B9BAC5}.Release|Any CPU.ActiveCfg = Release|Any CPU
		{0B803BE4-1AB5-4CA3-BBB4-B2ABB8B9BAC5}.Release|Any CPU.Build.0 = Release|Any CPU
		{0B803BE4-1AB5-4CA3-BBB4-B2ABB8B9BAC5}.Release|x64.ActiveCfg = Release|Any CPU
		{0B803BE4-1AB5-4CA3-BBB4-B2ABB8B9BAC5}.Release|x64.Build.0 = Release|Any CPU
		{0B803BE4-1AB5-4CA3-BBB4-B2ABB8B9BAC5}.Release|x86.ActiveCfg = Release|Any CPU
		{0B803BE4-1AB5-4CA3-BBB4-B2ABB8B9BAC5}.Release|x86.Build.0 = Release|Any CPU
		{4F09CCB4-87B2-4D8B-A754-9FAF4F2EFBF1}.Debug|Any CPU.ActiveCfg = Debug|Any CPU
		{4F09CCB4-87B2-4D8B-A754-9FAF4F2EFBF1}.Debug|Any CPU.Build.0 = Debug|Any CPU
		{4F09CCB4-87B2-4D8B-A754-9FAF4F2EFBF1}.Debug|x64.ActiveCfg = Debug|Any CPU
		{4F09CCB4-87B2-4D8B-A754-9FAF4F2EFBF1}.Debug|x64.Build.0 = Debug|Any CPU
		{4F09CCB4-87B2-4D8B-A754-9FAF4F2EFBF1}.Debug|x86.ActiveCfg = Debug|Any CPU
		{4F09CCB4-87B2-4D8B-A754-9FAF4F2EFBF1}.Debug|x86.Build.0 = Debug|Any CPU
		{4F09CCB4-87B2-4D8B-A754-9FAF4F2EFBF1}.Release|Any CPU.ActiveCfg = Release|Any CPU
		{4F09CCB4-87B2-4D8B-A754-9FAF4F2EFBF1}.Release|Any CPU.Build.0 = Release|Any CPU
		{4F09CCB4-87B2-4D8B-A754-9FAF4F2EFBF1}.Release|x64.ActiveCfg = Release|Any CPU
		{4F09CCB4-87B2-4D8B-A754-9FAF4F2EFBF1}.Release|x64.Build.0 = Release|Any CPU
		{4F09CCB4-87B2-4D8B-A754-9FAF4F2EFBF1}.Release|x86.ActiveCfg = Release|Any CPU
		{4F09CCB4-87B2-4D8B-A754-9FAF4F2EFBF1}.Release|x86.Build.0 = Release|Any CPU
	EndGlobalSection
	GlobalSection(SolutionProperties) = preSolution
		HideSolutionNode = FALSE
	EndGlobalSection
	GlobalSection(NestedProjects) = preSolution
		{399EAA1F-0EE1-424A-BAB2-04CD8CE5FA4F} = {827E0CD3-B72D-47B6-A68D-7590B98EB39B}
		{1C515568-F97C-4B6F-B1A4-8D67D8629CBF} = {827E0CD3-B72D-47B6-A68D-7590B98EB39B}
		{EDAD8578-93A6-4136-9250-95F4929C2CFF} = {827E0CD3-B72D-47B6-A68D-7590B98EB39B}
		{1486E920-0D30-43BC-978D-49A1768E671C} = {827E0CD3-B72D-47B6-A68D-7590B98EB39B}
		{C4216337-250F-4F8D-8763-F0D475088920} = {0AB3BF05-4346-4AA6-1389-037BE0695223}
		{AC677B39-1D13-4AB5-92E1-95029D03D9F6} = {0AB3BF05-4346-4AA6-1389-037BE0695223}
		{6E6685B8-B8B1-4431-8348-B095220D2524} = {0AB3BF05-4346-4AA6-1389-037BE0695223}
		{F5CE83E4-7056-435A-B4A7-38458105A489} = {07C2787E-EAC7-C090-1BA3-A61EC2A24D84}
		{51D270E6-F035-4A39-90A2-73D1A68B81E8} = {07C2787E-EAC7-C090-1BA3-A61EC2A24D84}
		{5A7E068B-3549-4FD5-9CE4-7C3FD8A086B7} = {0AB3BF05-4346-4AA6-1389-037BE0695223}
		{0B803BE4-1AB5-4CA3-BBB4-B2ABB8B9BAC5} = {827E0CD3-B72D-47B6-A68D-7590B98EB39B}
		{4F09CCB4-87B2-4D8B-A754-9FAF4F2EFBF1} = {0AB3BF05-4346-4AA6-1389-037BE0695223}
	EndGlobalSection
EndGlobal
