
Microsoft Visual Studio Solution File, Format Version 12.00
# Visual Studio Version 17
VisualStudioVersion = 17.0.31903.59
MinimumVisualStudioVersion = 10.0.40219.1
Project("{2150E333-8FDC-42A3-9474-1A3956D46DE8}") = "src", "src", "{827E0CD3-B72D-47B6-A68D-7590B98EB39B}"
EndProject
Project("{FAE04EC0-301F-11D3-BF4B-00C04F79EFBC}") = "Radio.Core", "src\Radio.Core\Radio.Core.csproj", "{399EAA1F-0EE1-424A-BAB2-04CD8CE5FA4F}"
EndProject
Project("{FAE04EC0-301F-11D3-BF4B-00C04F79EFBC}") = "Radio.Infrastructure", "src\Radio.Infrastructure\Radio.Infrastructure.csproj", "{1C515568-F97C-4B6F-B1A4-8D67D8629CBF}"
EndProject
Project("{FAE04EC0-301F-11D3-BF4B-00C04F79EFBC}") = "Radio.API", "src\Radio.API\Radio.API.csproj", "{EDAD8578-93A6-4136-9250-95F4929C2CFF}"
EndProject
Project("{FAE04EC0-301F-11D3-BF4B-00C04F79EFBC}") = "Radio.Web", "src\Radio.Web\Radio.Web.csproj", "{1486E920-0D30-43BC-978D-49A1768E671C}"
EndProject
Project("{2150E333-8FDC-42A3-9474-1A3956D46DE8}") = "tests", "tests", "{0AB3BF05-4346-4AA6-1389-037BE0695223}"
EndProject
Project("{FAE04EC0-301F-11D3-BF4B-00C04F79EFBC}") = "Radio.Core.Tests", "tests\Radio.Core.Tests\Radio.Core.Tests.csproj", "{C4216337-250F-4F8D-8763-F0D475088920}"
EndProject
Project("{FAE04EC0-301F-11D3-BF4B-00C04F79EFBC}") = "Radio.Infrastructure.Tests", "tests\Radio.Infrastructure.Tests\Radio.Infrastructure.Tests.csproj", "{AC677B39-1D13-4AB5-92E1-95029D03D9F6}"
EndProject
Project("{FAE04EC0-301F-11D3-BF4B-00C04F79EFBC}") = "Radio.API.Tests", "tests\Radio.API.Tests\Radio.API.Tests.csproj", "{6E6685B8-B8B1-4431-8348-B095220D2524}"
EndProject
Global
	GlobalSection(SolutionConfigurationPlatforms) = preSolution
		Debug|Any CPU = Debug|Any CPU
		Debug|x64 = Debug|x64
		Debug|x86 = Debug|x86
		Release|Any CPU = Release|Any CPU
		Release|x64 = Release|x64
		Release|x86 = Release|x86
	EndGlobalSection
	GlobalSection(ProjectConfigurationPlatforms) = postSolution
		{399EAA1F-0EE1-424A-BAB2-04CD8CE5FA4F}.Debug|Any CPU.ActiveCfg = Debug|Any CPU
		{399EAA1F-0EE1-424A-BAB2-04CD8CE5FA4F}.Debug|Any CPU.Build.0 = Debug|Any CPU
		{399EAA1F-0EE1-424A-BAB2-04CD8CE5FA4F}.Debug|x64.ActiveCfg = Debug|Any CPU
		{399EAA1F-0EE1-424A-BAB2-04CD8CE5FA4F}.Debug|x64.Build.0 = Debug|Any CPU
		{399EAA1F-0EE1-424A-BAB2-04CD8CE5FA4F}.Debug|x86.ActiveCfg = Debug|Any CPU
		{399EAA1F-0EE1-424A-BAB2-04CD8CE5FA4F}.Debug|x86.Build.0 = Debug|Any CPU
		{399EAA1F-0EE1-424A-BAB2-04CD8CE5FA4F}.Release|Any CPU.ActiveCfg = Release|Any CPU
		{399EAA1F-0EE1-424A-BAB2-04CD8CE5FA4F}.Release|Any CPU.Build.0 = Release|Any CPU
		{399EAA1F-0EE1-424A-BAB2-04CD8CE5FA4F}.Release|x64.ActiveCfg = Release|Any CPU
		{399EAA1F-0EE1-424A-BAB2-04CD8CE5FA4F}.Release|x64.Build.0 = Release|Any CPU
		{399EAA1F-0EE1-424A-BAB2-04CD8CE5FA4F}.Release|x86.ActiveCfg = Release|Any CPU
		{399EAA1F-0EE1-424A-BAB2-04CD8CE5FA4F}.Release|x86.Build.0 = Release|Any CPU
		{1C515568-F97C-4B6F-B1A4-8D67D8629CBF}.Debug|Any CPU.ActiveCfg = Debug|Any CPU
		{1C515568-F97C-4B6F-B1A4-8D67D8629CBF}.Debug|Any CPU.Build.0 = Debug|Any CPU
		{1C515568-F97C-4B6F-B1A4-8D67D8629CBF}.Debug|x64.ActiveCfg = Debug|Any CPU
		{1C515568-F97C-4B6F-B1A4-8D67D8629CBF}.Debug|x64.Build.0 = Debug|Any CPU
		{1C515568-F97C-4B6F-B1A4-8D67D8629CBF}.Debug|x86.ActiveCfg = Debug|Any CPU
		{1C515568-F97C-4B6F-B1A4-8D67D8629CBF}.Debug|x86.Build.0 = Debug|Any CPU
		{1C515568-F97C-4B6F-B1A4-8D67D8629CBF}.Release|Any CPU.ActiveCfg = Release|Any CPU
		{1C515568-F97C-4B6F-B1A4-8D67D8629CBF}.Release|Any CPU.Build.0 = Release|Any CPU
		{1C515568-F97C-4B6F-B1A4-8D67D8629CBF}.Release|x64.ActiveCfg = Release|Any CPU
		{1C515568-F97C-4B6F-B1A4-8D67D8629CBF}.Release|x64.Build.0 = Release|Any CPU
		{1C515568-F97C-4B6F-B1A4-8D67D8629CBF}.Release|x86.ActiveCfg = Release|Any CPU
		{1C515568-F97C-4B6F-B1A4-8D67D8629CBF}.Release|x86.Build.0 = Release|Any CPU
		{EDAD8578-93A6-4136-9250-95F4929C2CFF}.Debug|Any CPU.ActiveCfg = Debug|Any CPU
		{EDAD8578-93A6-4136-9250-95F4929C2CFF}.Debug|Any CPU.Build.0 = Debug|Any CPU
		{EDAD8578-93A6-4136-9250-95F4929C2CFF}.Debug|x64.ActiveCfg = Debug|Any CPU
		{EDAD8578-93A6-4136-9250-95F4929C2CFF}.Debug|x64.Build.0 = Debug|Any CPU
		{EDAD8578-93A6-4136-9250-95F4929C2CFF}.Debug|x86.ActiveCfg = Debug|Any CPU
		{EDAD8578-93A6-4136-9250-95F4929C2CFF}.Debug|x86.Build.0 = Debug|Any CPU
		{EDAD8578-93A6-4136-9250-95F4929C2CFF}.Release|Any CPU.ActiveCfg = Release|Any CPU
		{EDAD8578-93A6-4136-9250-95F4929C2CFF}.Release|Any CPU.Build.0 = Release|Any CPU
		{EDAD8578-93A6-4136-9250-95F4929C2CFF}.Release|x64.ActiveCfg = Release|Any CPU
		{EDAD8578-93A6-4136-9250-95F4929C2CFF}.Release|x64.Build.0 = Release|Any CPU
		{EDAD8578-93A6-4136-9250-95F4929C2CFF}.Release|x86.ActiveCfg = Release|Any CPU
		{EDAD8578-93A6-4136-9250-95F4929C2CFF}.Release|x86.Build.0 = Release|Any CPU
		{1486E920-0D30-43BC-978D-49A1768E671C}.Debug|Any CPU.ActiveCfg = Debug|Any CPU
		{1486E920-0D30-43BC-978D-49A1768E671C}.Debug|Any CPU.Build.0 = Debug|Any CPU
		{1486E920-0D30-43BC-978D-49A1768E671C}.Debug|x64.ActiveCfg = Debug|Any CPU
		{1486E920-0D30-43BC-978D-49A1768E671C}.Debug|x64.Build.0 = Debug|Any CPU
		{1486E920-0D30-43BC-978D-49A1768E671C}.Debug|x86.ActiveCfg = Debug|Any CPU
		{1486E920-0D30-43BC-978D-49A1768E671C}.Debug|x86.Build.0 = Debug|Any CPU
		{1486E920-0D30-43BC-978D-49A1768E671C}.Release|Any CPU.ActiveCfg = Release|Any CPU
		{1486E920-0D30-43BC-978D-49A1768E671C}.Release|Any CPU.Build.0 = Release|Any CPU
		{1486E920-0D30-43BC-978D-49A1768E671C}.Release|x64.ActiveCfg = Release|Any CPU
		{1486E920-0D30-43BC-978D-49A1768E671C}.Release|x64.Build.0 = Release|Any CPU
		{1486E920-0D30-43BC-978D-49A1768E671C}.Release|x86.ActiveCfg = Release|Any CPU
		{1486E920-0D30-43BC-978D-49A1768E671C}.Release|x86.Build.0 = Release|Any CPU
		{C4216337-250F-4F8D-8763-F0D475088920}.Debug|Any CPU.ActiveCfg = Debug|Any CPU
		{C4216337-250F-4F8D-8763-F0D475088920}.Debug|Any CPU.Build.0 = Debug|Any CPU
		{C4216337-250F-4F8D-8763-F0D475088920}.Debug|x64.ActiveCfg = Debug|Any CPU
		{C4216337-250F-4F8D-8763-F0D475088920}.Debug|x64.Build.0 = Debug|Any CPU
		{C4216337-250F-4F8D-8763-F0D475088920}.Debug|x86.ActiveCfg = Debug|Any CPU
		{C4216337-250F-4F8D-8763-F0D475088920}.Debug|x86.Build.0 = Debug|Any CPU
		{C4216337-250F-4F8D-8763-F0D475088920}.Release|Any CPU.ActiveCfg = Release|Any CPU
		{C4216337-250F-4F8D-8763-F0D475088920}.Release|Any CPU.Build.0 = Release|Any CPU
		{C4216337-250F-4F8D-8763-F0D475088920}.Release|x64.ActiveCfg = Release|Any CPU
		{C4216337-250F-4F8D-8763-F0D475088920}.Release|x64.Build.0 = Release|Any CPU
		{C4216337-250F-4F8D-8763-F0D475088920}.Release|x86.ActiveCfg = Release|Any CPU
		{C4216337-250F-4F8D-8763-F0D475088920}.Release|x86.Build.0 = Release|Any CPU
		{AC677B39-1D13-4AB5-92E1-95029D03D9F6}.Debug|Any CPU.ActiveCfg = Debug|Any CPU
		{AC677B39-1D13-4AB5-92E1-95029D03D9F6}.Debug|Any CPU.Build.0 = Debug|Any CPU
		{AC677B39-1D13-4AB5-92E1-95029D03D9F6}.Debug|x64.ActiveCfg = Debug|Any CPU
		{AC677B39-1D13-4AB5-92E1-95029D03D9F6}.Debug|x64.Build.0 = Debug|Any CPU
		{AC677B39-1D13-4AB5-92E1-95029D03D9F6}.Debug|x86.ActiveCfg = Debug|Any CPU
		{AC677B39-1D13-4AB5-92E1-95029D03D9F6}.Debug|x86.Build.0 = Debug|Any CPU
		{AC677B39-1D13-4AB5-92E1-95029D03D9F6}.Release|Any CPU.ActiveCfg = Release|Any CPU
		{AC677B39-1D13-4AB5-92E1-95029D03D9F6}.Release|Any CPU.Build.0 = Release|Any CPU
		{AC677B39-1D13-4AB5-92E1-95029D03D9F6}.Release|x64.ActiveCfg = Release|Any CPU
		{AC677B39-1D13-4AB5-92E1-95029D03D9F6}.Release|x64.Build.0 = Release|Any CPU
		{AC677B39-1D13-4AB5-92E1-95029D03D9F6}.Release|x86.ActiveCfg = Release|Any CPU
		{AC677B39-1D13-4AB5-92E1-95029D03D9F6}.Release|x86.Build.0 = Release|Any CPU
		{6E6685B8-B8B1-4431-8348-B095220D2524}.Debug|Any CPU.ActiveCfg = Debug|Any CPU
		{6E6685B8-B8B1-4431-8348-B095220D2524}.Debug|Any CPU.Build.0 = Debug|Any CPU
		{6E6685B8-B8B1-4431-8348-B095220D2524}.Debug|x64.ActiveCfg = Debug|Any CPU
		{6E6685B8-B8B1-4431-8348-B095220D2524}.Debug|x64.Build.0 = Debug|Any CPU
		{6E6685B8-B8B1-4431-8348-B095220D2524}.Debug|x86.ActiveCfg = Debug|Any CPU
		{6E6685B8-B8B1-4431-8348-B095220D2524}.Debug|x86.Build.0 = Debug|Any CPU
		{6E6685B8-B8B1-4431-8348-B095220D2524}.Release|Any CPU.ActiveCfg = Release|Any CPU
		{6E6685B8-B8B1-4431-8348-B095220D2524}.Release|Any CPU.Build.0 = Release|Any CPU
		{6E6685B8-B8B1-4431-8348-B095220D2524}.Release|x64.ActiveCfg = Release|Any CPU
		{6E6685B8-B8B1-4431-8348-B095220D2524}.Release|x64.Build.0 = Release|Any CPU
		{6E6685B8-B8B1-4431-8348-B095220D2524}.Release|x86.ActiveCfg = Release|Any CPU
		{6E6685B8-B8B1-4431-8348-B095220D2524}.Release|x86.Build.0 = Release|Any CPU
	EndGlobalSection
	GlobalSection(SolutionProperties) = preSolution
		HideSolutionNode = FALSE
	EndGlobalSection
	GlobalSection(NestedProjects) = preSolution
		{399EAA1F-0EE1-424A-BAB2-04CD8CE5FA4F} = {827E0CD3-B72D-47B6-A68D-7590B98EB39B}
		{1C515568-F97C-4B6F-B1A4-8D67D8629CBF} = {827E0CD3-B72D-47B6-A68D-7590B98EB39B}
		{EDAD8578-93A6-4136-9250-95F4929C2CFF} = {827E0CD3-B72D-47B6-A68D-7590B98EB39B}
		{1486E920-0D30-43BC-978D-49A1768E671C} = {827E0CD3-B72D-47B6-A68D-7590B98EB39B}
		{C4216337-250F-4F8D-8763-F0D475088920} = {0AB3BF05-4346-4AA6-1389-037BE0695223}
		{AC677B39-1D13-4AB5-92E1-95029D03D9F6} = {0AB3BF05-4346-4AA6-1389-037BE0695223}
		{6E6685B8-B8B1-4431-8348-B095220D2524} = {0AB3BF05-4346-4AA6-1389-037BE0695223}
	EndGlobalSection
EndGlobal
